
Microsoft Visual Studio Solution File, Format Version 12.00
# Visual Studio Version 17
VisualStudioVersion = 17.13.35913.81 d17.13
MinimumVisualStudioVersion = 10.0.40219.1
Project("{FAE04EC0-301F-11D3-BF4B-00C04F79EFBC}") = "LamianFunction", "LamianFunction\LamianFunction.csproj", "{7B4D7444-DB33-409A-B55F-D348F1771373}"
EndProject
Global
	GlobalSection(SolutionConfigurationPlatforms) = preSolution
		Debug|Any CPU = Debug|Any CPU
		Release|Any CPU = Release|Any CPU
	EndGlobalSection
	GlobalSection(ProjectConfigurationPlatforms) = postSolution
		{7B4D7444-DB33-409A-B55F-D348F1771373}.Debug|Any CPU.ActiveCfg = Debug|Any CPU
		{7B4D7444-DB33-409A-B55F-D348F1771373}.Debug|Any CPU.Build.0 = Debug|Any CPU
		{7B4D7444-DB33-409A-B55F-D348F1771373}.Release|Any CPU.ActiveCfg = Release|Any CPU
		{7B4D7444-DB33-409A-B55F-D348F1771373}.Release|Any CPU.Build.0 = Release|Any CPU
	EndGlobalSection
	GlobalSection(SolutionProperties) = preSolution
		HideSolutionNode = FALSE
	EndGlobalSection
	GlobalSection(ExtensibilityGlobals) = postSolution
		SolutionGuid = {3A1C1527-CBC2-4281-A486-7934ABBFB51F}
	EndGlobalSection
EndGlobal
